# This file is automatically @generated by Cargo.
# It is not intended for manual editing.
version = 3

[[package]]
name = "browser"
version = "0.0.1"
dependencies = [
 "lib",
]

[[package]]
name = "config"
version = "0.0.1"
dependencies = [
 "lib",
]

[[package]]
name = "lib"
version = "0.0.1"

[[package]]
name = "mediabox"
version = "0.0.1"

[[package]]
name = "sdl"
version = "0.0.1"
dependencies = [
 "lib",
]

[[package]]
name = "server"
version = "0.0.1"
dependencies = [
 "config",
 "lib",
]
